
Microsoft Visual Studio Solution File, Format Version 12.00
Project("{FAE04EC0-301F-11D3-BF4B-00C04F79EFBC}") = "BTVN1", "BTVN1\BTVN1.csproj", "{03A4173A-B30F-4398-A376-2FC0ED1ED628}"
EndProject
Project("{FAE04EC0-301F-11D3-BF4B-00C04F79EFBC}") = "BTVN2", "BTVN2\BTVN2.csproj", "{2B823FCC-98EA-4580-AF1E-BAACC01A45B2}"
EndProject
Global
	GlobalSection(SolutionConfigurationPlatforms) = preSolution
		Debug|Any CPU = Debug|Any CPU
		Release|Any CPU = Release|Any CPU
	EndGlobalSection
	GlobalSection(ProjectConfigurationPlatforms) = postSolution
		{03A4173A-B30F-4398-A376-2FC0ED1ED628}.Debug|Any CPU.ActiveCfg = Debug|Any CPU
		{03A4173A-B30F-4398-A376-2FC0ED1ED628}.Debug|Any CPU.Build.0 = Debug|Any CPU
		{03A4173A-B30F-4398-A376-2FC0ED1ED628}.Release|Any CPU.ActiveCfg = Release|Any CPU
		{03A4173A-B30F-4398-A376-2FC0ED1ED628}.Release|Any CPU.Build.0 = Release|Any CPU
		{2B823FCC-98EA-4580-AF1E-BAACC01A45B2}.Debug|Any CPU.ActiveCfg = Debug|Any CPU
		{2B823FCC-98EA-4580-AF1E-BAACC01A45B2}.Debug|Any CPU.Build.0 = Debug|Any CPU
		{2B823FCC-98EA-4580-AF1E-BAACC01A45B2}.Release|Any CPU.ActiveCfg = Release|Any CPU
		{2B823FCC-98EA-4580-AF1E-BAACC01A45B2}.Release|Any CPU.Build.0 = Release|Any CPU
	EndGlobalSection
EndGlobal
